
Microsoft Visual Studio Solution File, Format Version 12.00
# Visual Studio Version 16
VisualStudioVersion = 16.0.32002.261
MinimumVisualStudioVersion = 10.0.40219.1
Project("{FAE04EC0-301F-11D3-BF4B-00C04F79EFBC}") = "DotnetFirstProject", "DotnetFirstProject\DotnetFirstProject.csproj", "{B0873931-F5C5-477C-A05B-266154F5407A}"
EndProject
Global
	GlobalSection(SolutionConfigurationPlatforms) = preSolution
		Debug|Any CPU = Debug|Any CPU
		Release|Any CPU = Release|Any CPU
	EndGlobalSection
	GlobalSection(ProjectConfigurationPlatforms) = postSolution
		{B0873931-F5C5-477C-A05B-266154F5407A}.Debug|Any CPU.ActiveCfg = Debug|Any CPU
		{B0873931-F5C5-477C-A05B-266154F5407A}.Debug|Any CPU.Build.0 = Debug|Any CPU
		{B0873931-F5C5-477C-A05B-266154F5407A}.Release|Any CPU.ActiveCfg = Release|Any CPU
		{B0873931-F5C5-477C-A05B-266154F5407A}.Release|Any CPU.Build.0 = Release|Any CPU
	EndGlobalSection
	GlobalSection(SolutionProperties) = preSolution
		HideSolutionNode = FALSE
	EndGlobalSection
	GlobalSection(ExtensibilityGlobals) = postSolution
		SolutionGuid = {F0A127C9-F491-4018-9E5E-A1CA5E0A7AAA}
	EndGlobalSection
EndGlobal
